
Microsoft Visual Studio Solution File, Format Version 12.00
# Visual Studio 15
Project("{FAE04EC0-301F-11D3-BF4B-00C04F79EFBC}") = "IjkDemo", "IjkDemo\IjkDemo.csproj", "{6BF85A03-602F-4D4B-962A-253A20DD7EE0}"
EndProject
Project("{FAE04EC0-301F-11D3-BF4B-00C04F79EFBC}") = "Ijkplayer.iOS.UI", "Ijkplayer.iOS.UI\Ijkplayer.iOS.UI\Ijkplayer.iOS.UI.csproj", "{E40B1664-FF73-43DE-91D3-41CF4957A2E9}"
EndProject
Global
	GlobalSection(SolutionConfigurationPlatforms) = preSolution
		Debug|iPhoneSimulator = Debug|iPhoneSimulator
		Release|iPhoneSimulator = Release|iPhoneSimulator
		Debug|iPhone = Debug|iPhone
		Release|iPhone = Release|iPhone
	EndGlobalSection
	GlobalSection(ProjectConfigurationPlatforms) = postSolution
		{6BF85A03-602F-4D4B-962A-253A20DD7EE0}.Debug|iPhoneSimulator.ActiveCfg = Debug|iPhoneSimulator
		{6BF85A03-602F-4D4B-962A-253A20DD7EE0}.Debug|iPhoneSimulator.Build.0 = Debug|iPhoneSimulator
		{6BF85A03-602F-4D4B-962A-253A20DD7EE0}.Release|iPhoneSimulator.ActiveCfg = Release|iPhoneSimulator
		{6BF85A03-602F-4D4B-962A-253A20DD7EE0}.Release|iPhoneSimulator.Build.0 = Release|iPhoneSimulator
		{6BF85A03-602F-4D4B-962A-253A20DD7EE0}.Debug|iPhone.ActiveCfg = Debug|iPhone
		{6BF85A03-602F-4D4B-962A-253A20DD7EE0}.Debug|iPhone.Build.0 = Debug|iPhone
		{6BF85A03-602F-4D4B-962A-253A20DD7EE0}.Release|iPhone.ActiveCfg = Release|iPhone
		{6BF85A03-602F-4D4B-962A-253A20DD7EE0}.Release|iPhone.Build.0 = Release|iPhone
		{E40B1664-FF73-43DE-91D3-41CF4957A2E9}.Debug|iPhoneSimulator.ActiveCfg = Debug|Any CPU
		{E40B1664-FF73-43DE-91D3-41CF4957A2E9}.Debug|iPhoneSimulator.Build.0 = Debug|Any CPU
		{E40B1664-FF73-43DE-91D3-41CF4957A2E9}.Release|iPhoneSimulator.ActiveCfg = Release|Any CPU
		{E40B1664-FF73-43DE-91D3-41CF4957A2E9}.Release|iPhoneSimulator.Build.0 = Release|Any CPU
		{E40B1664-FF73-43DE-91D3-41CF4957A2E9}.Debug|iPhone.ActiveCfg = Debug|Any CPU
		{E40B1664-FF73-43DE-91D3-41CF4957A2E9}.Debug|iPhone.Build.0 = Debug|Any CPU
		{E40B1664-FF73-43DE-91D3-41CF4957A2E9}.Release|iPhone.ActiveCfg = Release|Any CPU
		{E40B1664-FF73-43DE-91D3-41CF4957A2E9}.Release|iPhone.Build.0 = Release|Any CPU
	EndGlobalSection
EndGlobal
